// !$*UTF8*$!
{
	archiveVersion = 1;
	classes = {
	};
	objectVersion = 56;
	objects = {

/* Begin PBXBuildFile section */
		841CC0C5294B468900DC4ACD /* DailyPerfomanceView.swift in Sources */ = {isa = PBXBuildFile; fileRef = 841CC0C4294B468900DC4ACD /* DailyPerfomanceView.swift */; };
		841CC0C7294B46CD00DC4ACD /* MonthlyPerfomanceView.swift in Sources */ = {isa = PBXBuildFile; fileRef = 841CC0C6294B46CD00DC4ACD /* MonthlyPerfomanceView.swift */; };
		847F48E62921546200F1534E /* AppDelegate.swift in Sources */ = {isa = PBXBuildFile; fileRef = 847F48E52921546200F1534E /* AppDelegate.swift */; };
		847F48E82921546200F1534E /* SceneDelegate.swift in Sources */ = {isa = PBXBuildFile; fileRef = 847F48E72921546200F1534E /* SceneDelegate.swift */; };
		847F48EA2921546200F1534E /* OverviewController.swift in Sources */ = {isa = PBXBuildFile; fileRef = 847F48E92921546200F1534E /* OverviewController.swift */; };
		847F48EF2921546400F1534E /* Assets.xcassets in Resources */ = {isa = PBXBuildFile; fileRef = 847F48EE2921546400F1534E /* Assets.xcassets */; };
		847F48F22921546400F1534E /* LaunchScreen.storyboard in Resources */ = {isa = PBXBuildFile; fileRef = 847F48F02921546400F1534E /* LaunchScreen.storyboard */; };
		847F48FC2921583A00F1534E /* TabBarController.swift in Sources */ = {isa = PBXBuildFile; fileRef = 847F48FB2921583A00F1534E /* TabBarController.swift */; };
		847F48FF29215A4A00F1534E /* UIColor + ext.swift in Sources */ = {isa = PBXBuildFile; fileRef = 847F48FE29215A4A00F1534E /* UIColor + ext.swift */; };
		847F490229215B2100F1534E /* Resources.swift in Sources */ = {isa = PBXBuildFile; fileRef = 847F490129215B2100F1534E /* Resources.swift */; };
		848B04B82928DAA300AD1CFD /* WABaseInfoView.swift in Sources */ = {isa = PBXBuildFile; fileRef = 848B04B72928DAA300AD1CFD /* WABaseInfoView.swift */; };
		848EE897292BE99F0010E5FE /* TimerView.swift in Sources */ = {isa = PBXBuildFile; fileRef = 848EE896292BE99F0010E5FE /* TimerView.swift */; };
		848EE89A292BEAB10010E5FE /* ProgressView.swift in Sources */ = {isa = PBXBuildFile; fileRef = 848EE899292BEAB10010E5FE /* ProgressView.swift */; };
		848F7390294082AA00BC4379 /* PercentView.swift in Sources */ = {isa = PBXBuildFile; fileRef = 848F738F294082AA00BC4379 /* PercentView.swift */; };
		849629C72922B56D00F03153 /* NavBarController.swift in Sources */ = {isa = PBXBuildFile; fileRef = 849629C62922B56D00F03153 /* NavBarController.swift */; };
		849629CA2922B8AC00F03153 /* WABaseController.swift in Sources */ = {isa = PBXBuildFile; fileRef = 849629C92922B8AC00F03153 /* WABaseController.swift */; };
		849629CC2922BAD300F03153 /* UIView + ext.swift in Sources */ = {isa = PBXBuildFile; fileRef = 849629CB2922BAD300F03153 /* UIView + ext.swift */; };
		849629D32922BDAF00F03153 /* SessionController.swift in Sources */ = {isa = PBXBuildFile; fileRef = 849629D22922BDAF00F03153 /* SessionController.swift */; };
		849629D52922BDC800F03153 /* ProgressController.swift in Sources */ = {isa = PBXBuildFile; fileRef = 849629D42922BDC800F03153 /* ProgressController.swift */; };
		849629D72922BDE700F03153 /* SettingsController.swift in Sources */ = {isa = PBXBuildFile; fileRef = 849629D62922BDE700F03153 /* SettingsController.swift */; };
		849EEB4C2971CA080040F464 /* WAChartsView.swift in Sources */ = {isa = PBXBuildFile; fileRef = 849EEB4B2971CA080040F464 /* WAChartsView.swift */; };
		849EEB4E2971D6260040F464 /* YAxisView.swift in Sources */ = {isa = PBXBuildFile; fileRef = 849EEB4D2971D6260040F464 /* YAxisView.swift */; };
		849EEB502971DA920040F464 /* XAxisView.swift in Sources */ = {isa = PBXBuildFile; fileRef = 849EEB4F2971DA920040F464 /* XAxisView.swift */; };
		84A0976E29236B380034775D /* WAButton.swift in Sources */ = {isa = PBXBuildFile; fileRef = 84A0976D29236B380034775D /* WAButton.swift */; };
		84A0977B2924078F0034775D /* OverviewNavBar.swift in Sources */ = {isa = PBXBuildFile; fileRef = 84A0977A2924078F0034775D /* OverviewNavBar.swift */; };
		84A0977D292407DF0034775D /* WABaseView.swift in Sources */ = {isa = PBXBuildFile; fileRef = 84A0977C292407DF0034775D /* WABaseView.swift */; };
		84AE9F502927F3DA00159F6A /* WeekView.swift in Sources */ = {isa = PBXBuildFile; fileRef = 84AE9F4F2927F3DA00159F6A /* WeekView.swift */; };
		84AE9F522927F89200159F6A /* WeekdayView.swift in Sources */ = {isa = PBXBuildFile; fileRef = 84AE9F512927F89200159F6A /* WeekdayView.swift */; };
		84AE9F542928000F00159F6A /* Date + Ext.swift in Sources */ = {isa = PBXBuildFile; fileRef = 84AE9F532928000F00159F6A /* Date + Ext.swift */; };
		84C64E532949EF3E002AB76B /* StatsView.swift in Sources */ = {isa = PBXBuildFile; fileRef = 84C64E522949EF3E002AB76B /* StatsView.swift */; };
		84C64E562949EFC6002AB76B /* StatsItemView.swift in Sources */ = {isa = PBXBuildFile; fileRef = 84C64E552949EFC6002AB76B /* StatsItemView.swift */; };
		84C64E58294A3EC3002AB76B /* StepsView.swift in Sources */ = {isa = PBXBuildFile; fileRef = 84C64E57294A3EC3002AB76B /* StepsView.swift */; };
		84C64E5B294A47A1002AB76B /* WABarsView.swift in Sources */ = {isa = PBXBuildFile; fileRef = 84C64E5A294A47A1002AB76B /* WABarsView.swift */; };
		84C64E5E294A47C9002AB76B /* WABarView.swift in Sources */ = {isa = PBXBuildFile; fileRef = 84C64E5D294A47C9002AB76B /* WABarView.swift */; };
/* End PBXBuildFile section */

/* Begin PBXFileReference section */
		841CC0C4294B468900DC4ACD /* DailyPerfomanceView.swift */ = {isa = PBXFileReference; lastKnownFileType = sourcecode.swift; path = DailyPerfomanceView.swift; sourceTree = "<group>"; };
		841CC0C6294B46CD00DC4ACD /* MonthlyPerfomanceView.swift */ = {isa = PBXFileReference; lastKnownFileType = sourcecode.swift; path = MonthlyPerfomanceView.swift; sourceTree = "<group>"; };
		847F48E22921546200F1534E /* WorkoutApp.app */ = {isa = PBXFileReference; explicitFileType = wrapper.application; includeInIndex = 0; path = WorkoutApp.app; sourceTree = BUILT_PRODUCTS_DIR; };
		847F48E52921546200F1534E /* AppDelegate.swift */ = {isa = PBXFileReference; lastKnownFileType = sourcecode.swift; path = AppDelegate.swift; sourceTree = "<group>"; };
		847F48E72921546200F1534E /* SceneDelegate.swift */ = {isa = PBXFileReference; lastKnownFileType = sourcecode.swift; path = SceneDelegate.swift; sourceTree = "<group>"; };
		847F48E92921546200F1534E /* OverviewController.swift */ = {isa = PBXFileReference; lastKnownFileType = sourcecode.swift; path = OverviewController.swift; sourceTree = "<group>"; };
		847F48EE2921546400F1534E /* Assets.xcassets */ = {isa = PBXFileReference; lastKnownFileType = folder.assetcatalog; path = Assets.xcassets; sourceTree = "<group>"; };
		847F48F12921546400F1534E /* Base */ = {isa = PBXFileReference; lastKnownFileType = file.storyboard; name = Base; path = Base.lproj/LaunchScreen.storyboard; sourceTree = "<group>"; };
		847F48F32921546400F1534E /* Info.plist */ = {isa = PBXFileReference; lastKnownFileType = text.plist.xml; path = Info.plist; sourceTree = "<group>"; };
		847F48FB2921583A00F1534E /* TabBarController.swift */ = {isa = PBXFileReference; lastKnownFileType = sourcecode.swift; path = TabBarController.swift; sourceTree = "<group>"; };
		847F48FE29215A4A00F1534E /* UIColor + ext.swift */ = {isa = PBXFileReference; lastKnownFileType = sourcecode.swift; path = "UIColor + ext.swift"; sourceTree = "<group>"; };
		847F490129215B2100F1534E /* Resources.swift */ = {isa = PBXFileReference; lastKnownFileType = sourcecode.swift; path = Resources.swift; sourceTree = "<group>"; };
		848B04B72928DAA300AD1CFD /* WABaseInfoView.swift */ = {isa = PBXFileReference; lastKnownFileType = sourcecode.swift; path = WABaseInfoView.swift; sourceTree = "<group>"; };
		848EE896292BE99F0010E5FE /* TimerView.swift */ = {isa = PBXFileReference; lastKnownFileType = sourcecode.swift; path = TimerView.swift; sourceTree = "<group>"; };
		848EE899292BEAB10010E5FE /* ProgressView.swift */ = {isa = PBXFileReference; lastKnownFileType = sourcecode.swift; path = ProgressView.swift; sourceTree = "<group>"; };
		848F738F294082AA00BC4379 /* PercentView.swift */ = {isa = PBXFileReference; lastKnownFileType = sourcecode.swift; path = PercentView.swift; sourceTree = "<group>"; };
		849629C62922B56D00F03153 /* NavBarController.swift */ = {isa = PBXFileReference; lastKnownFileType = sourcecode.swift; path = NavBarController.swift; sourceTree = "<group>"; };
		849629C92922B8AC00F03153 /* WABaseController.swift */ = {isa = PBXFileReference; lastKnownFileType = sourcecode.swift; path = WABaseController.swift; sourceTree = "<group>"; };
		849629CB2922BAD300F03153 /* UIView + ext.swift */ = {isa = PBXFileReference; lastKnownFileType = sourcecode.swift; path = "UIView + ext.swift"; sourceTree = "<group>"; };
		849629D22922BDAF00F03153 /* SessionController.swift */ = {isa = PBXFileReference; lastKnownFileType = sourcecode.swift; path = SessionController.swift; sourceTree = "<group>"; };
		849629D42922BDC800F03153 /* ProgressController.swift */ = {isa = PBXFileReference; lastKnownFileType = sourcecode.swift; path = ProgressController.swift; sourceTree = "<group>"; };
		849629D62922BDE700F03153 /* SettingsController.swift */ = {isa = PBXFileReference; lastKnownFileType = sourcecode.swift; path = SettingsController.swift; sourceTree = "<group>"; };
		849EEB4B2971CA080040F464 /* WAChartsView.swift */ = {isa = PBXFileReference; lastKnownFileType = sourcecode.swift; path = WAChartsView.swift; sourceTree = "<group>"; };
		849EEB4D2971D6260040F464 /* YAxisView.swift */ = {isa = PBXFileReference; lastKnownFileType = sourcecode.swift; path = YAxisView.swift; sourceTree = "<group>"; };
		849EEB4F2971DA920040F464 /* XAxisView.swift */ = {isa = PBXFileReference; lastKnownFileType = sourcecode.swift; path = XAxisView.swift; sourceTree = "<group>"; };
		84A0976D29236B380034775D /* WAButton.swift */ = {isa = PBXFileReference; lastKnownFileType = sourcecode.swift; path = WAButton.swift; sourceTree = "<group>"; };
		84A0977A2924078F0034775D /* OverviewNavBar.swift */ = {isa = PBXFileReference; lastKnownFileType = sourcecode.swift; path = OverviewNavBar.swift; sourceTree = "<group>"; };
		84A0977C292407DF0034775D /* WABaseView.swift */ = {isa = PBXFileReference; lastKnownFileType = sourcecode.swift; path = WABaseView.swift; sourceTree = "<group>"; };
		84AE9F4F2927F3DA00159F6A /* WeekView.swift */ = {isa = PBXFileReference; lastKnownFileType = sourcecode.swift; path = WeekView.swift; sourceTree = "<group>"; };
		84AE9F512927F89200159F6A /* WeekdayView.swift */ = {isa = PBXFileReference; lastKnownFileType = sourcecode.swift; path = WeekdayView.swift; sourceTree = "<group>"; };
		84AE9F532928000F00159F6A /* Date + Ext.swift */ = {isa = PBXFileReference; lastKnownFileType = sourcecode.swift; path = "Date + Ext.swift"; sourceTree = "<group>"; };
		84C64E522949EF3E002AB76B /* StatsView.swift */ = {isa = PBXFileReference; lastKnownFileType = sourcecode.swift; path = StatsView.swift; sourceTree = "<group>"; };
		84C64E552949EFC6002AB76B /* StatsItemView.swift */ = {isa = PBXFileReference; lastKnownFileType = sourcecode.swift; path = StatsItemView.swift; sourceTree = "<group>"; };
		84C64E57294A3EC3002AB76B /* StepsView.swift */ = {isa = PBXFileReference; lastKnownFileType = sourcecode.swift; path = StepsView.swift; sourceTree = "<group>"; };
		84C64E5A294A47A1002AB76B /* WABarsView.swift */ = {isa = PBXFileReference; lastKnownFileType = sourcecode.swift; path = WABarsView.swift; sourceTree = "<group>"; };
		84C64E5D294A47C9002AB76B /* WABarView.swift */ = {isa = PBXFileReference; lastKnownFileType = sourcecode.swift; path = WABarView.swift; sourceTree = "<group>"; };
/* End PBXFileReference section */

/* Begin PBXFrameworksBuildPhase section */
		847F48DF2921546200F1534E /* Frameworks */ = {
			isa = PBXFrameworksBuildPhase;
			buildActionMask = 2147483647;
			files = (
			);
			runOnlyForDeploymentPostprocessing = 0;
		};
/* End PBXFrameworksBuildPhase section */

/* Begin PBXGroup section */
		841CC0C2294B463A00DC4ACD /* Views */ = {
			isa = PBXGroup;
			children = (
				849EEB482971BD070040F464 /* DailyPerfomanceView */,
				841CC0C3294B466200DC4ACD /* MonthlyPerfomanceView */,
			);
			path = Views;
			sourceTree = "<group>";
		};
		841CC0C3294B466200DC4ACD /* MonthlyPerfomanceView */ = {
			isa = PBXGroup;
			children = (
				841CC0C6294B46CD00DC4ACD /* MonthlyPerfomanceView.swift */,
			);
			path = MonthlyPerfomanceView;
			sourceTree = "<group>";
		};
		847F48D92921546200F1534E = {
			isa = PBXGroup;
			children = (
				847F48E42921546200F1534E /* WorkoutApp */,
				847F48E32921546200F1534E /* Products */,
			);
			sourceTree = "<group>";
		};
		847F48E32921546200F1534E /* Products */ = {
			isa = PBXGroup;
			children = (
				847F48E22921546200F1534E /* WorkoutApp.app */,
			);
			name = Products;
			sourceTree = "<group>";
		};
		847F48E42921546200F1534E /* WorkoutApp */ = {
			isa = PBXGroup;
			children = (
				847F48FD29215A3400F1534E /* Helpers */,
				847F48F92921557400F1534E /* Application */,
				849629C82922B85B00F03153 /* Controllers */,
				847F48FA292155B400F1534E /* SupportingFiles */,
			);
			path = WorkoutApp;
			sourceTree = "<group>";
		};
		847F48F92921557400F1534E /* Application */ = {
			isa = PBXGroup;
			children = (
				847F48E52921546200F1534E /* AppDelegate.swift */,
				847F48E72921546200F1534E /* SceneDelegate.swift */,
			);
			path = Application;
			sourceTree = "<group>";
		};
		847F48FA292155B400F1534E /* SupportingFiles */ = {
			isa = PBXGroup;
			children = (
				847F48EE2921546400F1534E /* Assets.xcassets */,
				847F48F02921546400F1534E /* LaunchScreen.storyboard */,
				847F48F32921546400F1534E /* Info.plist */,
			);
			path = SupportingFiles;
			sourceTree = "<group>";
		};
		847F48FD29215A3400F1534E /* Helpers */ = {
			isa = PBXGroup;
			children = (
				847F490029215A5E00F1534E /* Extensions */,
				847F490129215B2100F1534E /* Resources.swift */,
			);
			path = Helpers;
			sourceTree = "<group>";
		};
		847F490029215A5E00F1534E /* Extensions */ = {
			isa = PBXGroup;
			children = (
				847F48FE29215A4A00F1534E /* UIColor + ext.swift */,
				849629CB2922BAD300F03153 /* UIView + ext.swift */,
				84AE9F532928000F00159F6A /* Date + Ext.swift */,
			);
			path = Extensions;
			sourceTree = "<group>";
		};
		848B04B62928DA8900AD1CFD /* Views */ = {
			isa = PBXGroup;
			children = (
				849EEB492971C9B50040F464 /* WAChartsView */,
				84C64E59294A477A002AB76B /* WABarsView */,
				84A0977C292407DF0034775D /* WABaseView.swift */,
				848B04B72928DAA300AD1CFD /* WABaseInfoView.swift */,
				84A0976D29236B380034775D /* WAButton.swift */,
			);
			path = Views;
			sourceTree = "<group>";
		};
		848EE895292BE9650010E5FE /* Views */ = {
			isa = PBXGroup;
			children = (
				848EE898292BEA680010E5FE /* Timer */,
				84A8CC352948764E00C4EEE5 /* Stats */,
				84A8CC362948766400C4EEE5 /* Steps */,
			);
			path = Views;
			sourceTree = "<group>";
		};
		848EE898292BEA680010E5FE /* Timer */ = {
			isa = PBXGroup;
			children = (
				848EE896292BE99F0010E5FE /* TimerView.swift */,
				848F738F294082AA00BC4379 /* PercentView.swift */,
				848EE899292BEAB10010E5FE /* ProgressView.swift */,
			);
			path = Timer;
			sourceTree = "<group>";
		};
		849629C82922B85B00F03153 /* Controllers */ = {
			isa = PBXGroup;
			children = (
				84A3EBFD292A3D2C009C53B2 /* Navigation */,
				849629D12922BD4100F03153 /* Settings */,
				849629D02922BD3800F03153 /* Progress */,
				849629CF2922BD2E00F03153 /* Session */,
				849629CE2922BD2300F03153 /* Overview */,
				849629CD2922BC9E00F03153 /* Base */,
			);
			path = Controllers;
			sourceTree = "<group>";
		};
		849629CD2922BC9E00F03153 /* Base */ = {
			isa = PBXGroup;
			children = (
				848B04B62928DA8900AD1CFD /* Views */,
				849629C92922B8AC00F03153 /* WABaseController.swift */,
			);
			path = Base;
			sourceTree = "<group>";
		};
		849629CE2922BD2300F03153 /* Overview */ = {
			isa = PBXGroup;
			children = (
				84A0976C29236AD60034775D /* Views */,
				847F48E92921546200F1534E /* OverviewController.swift */,
			);
			path = Overview;
			sourceTree = "<group>";
		};
		849629CF2922BD2E00F03153 /* Session */ = {
			isa = PBXGroup;
			children = (
				848EE895292BE9650010E5FE /* Views */,
				849629D22922BDAF00F03153 /* SessionController.swift */,
			);
			path = Session;
			sourceTree = "<group>";
		};
		849629D02922BD3800F03153 /* Progress */ = {
			isa = PBXGroup;
			children = (
				841CC0C2294B463A00DC4ACD /* Views */,
				849629D42922BDC800F03153 /* ProgressController.swift */,
			);
			path = Progress;
			sourceTree = "<group>";
		};
		849629D12922BD4100F03153 /* Settings */ = {
			isa = PBXGroup;
			children = (
				849629D62922BDE700F03153 /* SettingsController.swift */,
			);
			path = Settings;
			sourceTree = "<group>";
		};
		849EEB482971BD070040F464 /* DailyPerfomanceView */ = {
			isa = PBXGroup;
			children = (
				841CC0C4294B468900DC4ACD /* DailyPerfomanceView.swift */,
			);
			path = DailyPerfomanceView;
			sourceTree = "<group>";
		};
		849EEB492971C9B50040F464 /* WAChartsView */ = {
			isa = PBXGroup;
			children = (
				849EEB4B2971CA080040F464 /* WAChartsView.swift */,
				849EEB4A2971C9DB0040F464 /* Views */,
			);
			path = WAChartsView;
			sourceTree = "<group>";
		};
		849EEB4A2971C9DB0040F464 /* Views */ = {
			isa = PBXGroup;
			children = (
				849EEB4D2971D6260040F464 /* YAxisView.swift */,
				849EEB4F2971DA920040F464 /* XAxisView.swift */,
			);
			path = Views;
			sourceTree = "<group>";
		};
		84A0976C29236AD60034775D /* Views */ = {
			isa = PBXGroup;
			children = (
				84AE9F4E2927F3B700159F6A /* WeekView */,
				84A0977A2924078F0034775D /* OverviewNavBar.swift */,
			);
			path = Views;
			sourceTree = "<group>";
		};
		84A3EBFD292A3D2C009C53B2 /* Navigation */ = {
			isa = PBXGroup;
			children = (
				847F48FB2921583A00F1534E /* TabBarController.swift */,
				849629C62922B56D00F03153 /* NavBarController.swift */,
			);
			path = Navigation;
			sourceTree = "<group>";
		};
		84A8CC352948764E00C4EEE5 /* Stats */ = {
			isa = PBXGroup;
			children = (
				84C64E542949EF92002AB76B /* Views */,
				84C64E522949EF3E002AB76B /* StatsView.swift */,
			);
			path = Stats;
			sourceTree = "<group>";
		};
		84A8CC362948766400C4EEE5 /* Steps */ = {
			isa = PBXGroup;
			children = (
				84C64E57294A3EC3002AB76B /* StepsView.swift */,
			);
			path = Steps;
			sourceTree = "<group>";
		};
		84AE9F4E2927F3B700159F6A /* WeekView */ = {
			isa = PBXGroup;
			children = (
				84AE9F4F2927F3DA00159F6A /* WeekView.swift */,
				84AE9F512927F89200159F6A /* WeekdayView.swift */,
			);
			path = WeekView;
			sourceTree = "<group>";
		};
		84C64E542949EF92002AB76B /* Views */ = {
			isa = PBXGroup;
			children = (
				84C64E552949EFC6002AB76B /* StatsItemView.swift */,
			);
			path = Views;
			sourceTree = "<group>";
		};
		84C64E59294A477A002AB76B /* WABarsView */ = {
			isa = PBXGroup;
			children = (
				84C64E5C294A47B1002AB76B /* Views */,
			);
			path = WABarsView;
			sourceTree = "<group>";
		};
		84C64E5C294A47B1002AB76B /* Views */ = {
			isa = PBXGroup;
			children = (
				84C64E5A294A47A1002AB76B /* WABarsView.swift */,
				84C64E5D294A47C9002AB76B /* WABarView.swift */,
			);
			path = Views;
			sourceTree = "<group>";
		};
/* End PBXGroup section */

/* Begin PBXNativeTarget section */
		847F48E12921546200F1534E /* WorkoutApp */ = {
			isa = PBXNativeTarget;
			buildConfigurationList = 847F48F62921546400F1534E /* Build configuration list for PBXNativeTarget "WorkoutApp" */;
			buildPhases = (
				847F48DE2921546200F1534E /* Sources */,
				847F48DF2921546200F1534E /* Frameworks */,
				847F48E02921546200F1534E /* Resources */,
			);
			buildRules = (
			);
			dependencies = (
			);
			name = WorkoutApp;
			productName = WorkoutApp;
			productReference = 847F48E22921546200F1534E /* WorkoutApp.app */;
			productType = "com.apple.product-type.application";
		};
/* End PBXNativeTarget section */

/* Begin PBXProject section */
		847F48DA2921546200F1534E /* Project object */ = {
			isa = PBXProject;
			attributes = {
				BuildIndependentTargetsInParallel = 1;
				LastSwiftUpdateCheck = 1410;
				LastUpgradeCheck = 1410;
				TargetAttributes = {
					847F48E12921546200F1534E = {
						CreatedOnToolsVersion = 14.1;
					};
				};
			};
			buildConfigurationList = 847F48DD2921546200F1534E /* Build configuration list for PBXProject "WorkoutApp" */;
			compatibilityVersion = "Xcode 14.0";
			developmentRegion = en;
			hasScannedForEncodings = 0;
			knownRegions = (
				en,
				Base,
			);
			mainGroup = 847F48D92921546200F1534E;
			productRefGroup = 847F48E32921546200F1534E /* Products */;
			projectDirPath = "";
			projectRoot = "";
			targets = (
				847F48E12921546200F1534E /* WorkoutApp */,
			);
		};
/* End PBXProject section */

/* Begin PBXResourcesBuildPhase section */
		847F48E02921546200F1534E /* Resources */ = {
			isa = PBXResourcesBuildPhase;
			buildActionMask = 2147483647;
			files = (
				847F48F22921546400F1534E /* LaunchScreen.storyboard in Resources */,
				847F48EF2921546400F1534E /* Assets.xcassets in Resources */,
			);
			runOnlyForDeploymentPostprocessing = 0;
		};
/* End PBXResourcesBuildPhase section */

/* Begin PBXSourcesBuildPhase section */
		847F48DE2921546200F1534E /* Sources */ = {
			isa = PBXSourcesBuildPhase;
			buildActionMask = 2147483647;
			files = (
				84AE9F502927F3DA00159F6A /* WeekView.swift in Sources */,
				841CC0C7294B46CD00DC4ACD /* MonthlyPerfomanceView.swift in Sources */,
				849629D72922BDE700F03153 /* SettingsController.swift in Sources */,
				847F48EA2921546200F1534E /* OverviewController.swift in Sources */,
				84A0977B2924078F0034775D /* OverviewNavBar.swift in Sources */,
				849629CC2922BAD300F03153 /* UIView + ext.swift in Sources */,
				847F48FC2921583A00F1534E /* TabBarController.swift in Sources */,
				841CC0C5294B468900DC4ACD /* DailyPerfomanceView.swift in Sources */,
				847F48E62921546200F1534E /* AppDelegate.swift in Sources */,
				84C64E5E294A47C9002AB76B /* WABarView.swift in Sources */,
				84AE9F542928000F00159F6A /* Date + Ext.swift in Sources */,
				849EEB4C2971CA080040F464 /* WAChartsView.swift in Sources */,
				849629D32922BDAF00F03153 /* SessionController.swift in Sources */,
				848B04B82928DAA300AD1CFD /* WABaseInfoView.swift in Sources */,
				848EE897292BE99F0010E5FE /* TimerView.swift in Sources */,
				848EE89A292BEAB10010E5FE /* ProgressView.swift in Sources */,
				84A0976E29236B380034775D /* WAButton.swift in Sources */,
				84C64E58294A3EC3002AB76B /* StepsView.swift in Sources */,
				849EEB502971DA920040F464 /* XAxisView.swift in Sources */,
				849EEB4E2971D6260040F464 /* YAxisView.swift in Sources */,
				849629D52922BDC800F03153 /* ProgressController.swift in Sources */,
				849629C72922B56D00F03153 /* NavBarController.swift in Sources */,
				84C64E562949EFC6002AB76B /* StatsItemView.swift in Sources */,
				847F490229215B2100F1534E /* Resources.swift in Sources */,
				848F7390294082AA00BC4379 /* PercentView.swift in Sources */,
				847F48FF29215A4A00F1534E /* UIColor + ext.swift in Sources */,
				84A0977D292407DF0034775D /* WABaseView.swift in Sources */,
				84AE9F522927F89200159F6A /* WeekdayView.swift in Sources */,
				84C64E5B294A47A1002AB76B /* WABarsView.swift in Sources */,
				84C64E532949EF3E002AB76B /* StatsView.swift in Sources */,
				849629CA2922B8AC00F03153 /* WABaseController.swift in Sources */,
				847F48E82921546200F1534E /* SceneDelegate.swift in Sources */,
			);
			runOnlyForDeploymentPostprocessing = 0;
		};
/* End PBXSourcesBuildPhase section */

/* Begin PBXVariantGroup section */
		847F48F02921546400F1534E /* LaunchScreen.storyboard */ = {
			isa = PBXVariantGroup;
			children = (
				847F48F12921546400F1534E /* Base */,
			);
			name = LaunchScreen.storyboard;
			sourceTree = "<group>";
		};
/* End PBXVariantGroup section */

/* Begin XCBuildConfiguration section */
		847F48F42921546400F1534E /* Debug */ = {
			isa = XCBuildConfiguration;
			buildSettings = {
				ALWAYS_SEARCH_USER_PATHS = NO;
				CLANG_ANALYZER_NONNULL = YES;
				CLANG_ANALYZER_NUMBER_OBJECT_CONVERSION = YES_AGGRESSIVE;
				CLANG_CXX_LANGUAGE_STANDARD = "gnu++20";
				CLANG_ENABLE_MODULES = YES;
				CLANG_ENABLE_OBJC_ARC = YES;
				CLANG_ENABLE_OBJC_WEAK = YES;
				CLANG_WARN_BLOCK_CAPTURE_AUTORELEASING = YES;
				CLANG_WARN_BOOL_CONVERSION = YES;
				CLANG_WARN_COMMA = YES;
				CLANG_WARN_CONSTANT_CONVERSION = YES;
				CLANG_WARN_DEPRECATED_OBJC_IMPLEMENTATIONS = YES;
				CLANG_WARN_DIRECT_OBJC_ISA_USAGE = YES_ERROR;
				CLANG_WARN_DOCUMENTATION_COMMENTS = YES;
				CLANG_WARN_EMPTY_BODY = YES;
				CLANG_WARN_ENUM_CONVERSION = YES;
				CLANG_WARN_INFINITE_RECURSION = YES;
				CLANG_WARN_INT_CONVERSION = YES;
				CLANG_WARN_NON_LITERAL_NULL_CONVERSION = YES;
				CLANG_WARN_OBJC_IMPLICIT_RETAIN_SELF = YES;
				CLANG_WARN_OBJC_LITERAL_CONVERSION = YES;
				CLANG_WARN_OBJC_ROOT_CLASS = YES_ERROR;
				CLANG_WARN_QUOTED_INCLUDE_IN_FRAMEWORK_HEADER = YES;
				CLANG_WARN_RANGE_LOOP_ANALYSIS = YES;
				CLANG_WARN_STRICT_PROTOTYPES = YES;
				CLANG_WARN_SUSPICIOUS_MOVE = YES;
				CLANG_WARN_UNGUARDED_AVAILABILITY = YES_AGGRESSIVE;
				CLANG_WARN_UNREACHABLE_CODE = YES;
				CLANG_WARN__DUPLICATE_METHOD_MATCH = YES;
				COPY_PHASE_STRIP = NO;
				DEBUG_INFORMATION_FORMAT = dwarf;
				ENABLE_STRICT_OBJC_MSGSEND = YES;
				ENABLE_TESTABILITY = YES;
				GCC_C_LANGUAGE_STANDARD = gnu11;
				GCC_DYNAMIC_NO_PIC = NO;
				GCC_NO_COMMON_BLOCKS = YES;
				GCC_OPTIMIZATION_LEVEL = 0;
				GCC_PREPROCESSOR_DEFINITIONS = (
					"DEBUG=1",
					"$(inherited)",
				);
				GCC_WARN_64_TO_32_BIT_CONVERSION = YES;
				GCC_WARN_ABOUT_RETURN_TYPE = YES_ERROR;
				GCC_WARN_UNDECLARED_SELECTOR = YES;
				GCC_WARN_UNINITIALIZED_AUTOS = YES_AGGRESSIVE;
				GCC_WARN_UNUSED_FUNCTION = YES;
				GCC_WARN_UNUSED_VARIABLE = YES;
				IPHONEOS_DEPLOYMENT_TARGET = 16.1;
				MTL_ENABLE_DEBUG_INFO = INCLUDE_SOURCE;
				MTL_FAST_MATH = YES;
				ONLY_ACTIVE_ARCH = YES;
				SDKROOT = iphoneos;
				SWIFT_ACTIVE_COMPILATION_CONDITIONS = DEBUG;
				SWIFT_OPTIMIZATION_LEVEL = "-Onone";
			};
			name = Debug;
		};
		847F48F52921546400F1534E /* Release */ = {
			isa = XCBuildConfiguration;
			buildSettings = {
				ALWAYS_SEARCH_USER_PATHS = NO;
				CLANG_ANALYZER_NONNULL = YES;
				CLANG_ANALYZER_NUMBER_OBJECT_CONVERSION = YES_AGGRESSIVE;
				CLANG_CXX_LANGUAGE_STANDARD = "gnu++20";
				CLANG_ENABLE_MODULES = YES;
				CLANG_ENABLE_OBJC_ARC = YES;
				CLANG_ENABLE_OBJC_WEAK = YES;
				CLANG_WARN_BLOCK_CAPTURE_AUTORELEASING = YES;
				CLANG_WARN_BOOL_CONVERSION = YES;
				CLANG_WARN_COMMA = YES;
				CLANG_WARN_CONSTANT_CONVERSION = YES;
				CLANG_WARN_DEPRECATED_OBJC_IMPLEMENTATIONS = YES;
				CLANG_WARN_DIRECT_OBJC_ISA_USAGE = YES_ERROR;
				CLANG_WARN_DOCUMENTATION_COMMENTS = YES;
				CLANG_WARN_EMPTY_BODY = YES;
				CLANG_WARN_ENUM_CONVERSION = YES;
				CLANG_WARN_INFINITE_RECURSION = YES;
				CLANG_WARN_INT_CONVERSION = YES;
				CLANG_WARN_NON_LITERAL_NULL_CONVERSION = YES;
				CLANG_WARN_OBJC_IMPLICIT_RETAIN_SELF = YES;
				CLANG_WARN_OBJC_LITERAL_CONVERSION = YES;
				CLANG_WARN_OBJC_ROOT_CLASS = YES_ERROR;
				CLANG_WARN_QUOTED_INCLUDE_IN_FRAMEWORK_HEADER = YES;
				CLANG_WARN_RANGE_LOOP_ANALYSIS = YES;
				CLANG_WARN_STRICT_PROTOTYPES = YES;
				CLANG_WARN_SUSPICIOUS_MOVE = YES;
				CLANG_WARN_UNGUARDED_AVAILABILITY = YES_AGGRESSIVE;
				CLANG_WARN_UNREACHABLE_CODE = YES;
				CLANG_WARN__DUPLICATE_METHOD_MATCH = YES;
				COPY_PHASE_STRIP = NO;
				DEBUG_INFORMATION_FORMAT = "dwarf-with-dsym";
				ENABLE_NS_ASSERTIONS = NO;
				ENABLE_STRICT_OBJC_MSGSEND = YES;
				GCC_C_LANGUAGE_STANDARD = gnu11;
				GCC_NO_COMMON_BLOCKS = YES;
				GCC_WARN_64_TO_32_BIT_CONVERSION = YES;
				GCC_WARN_ABOUT_RETURN_TYPE = YES_ERROR;
				GCC_WARN_UNDECLARED_SELECTOR = YES;
				GCC_WARN_UNINITIALIZED_AUTOS = YES_AGGRESSIVE;
				GCC_WARN_UNUSED_FUNCTION = YES;
				GCC_WARN_UNUSED_VARIABLE = YES;
				IPHONEOS_DEPLOYMENT_TARGET = 16.1;
				MTL_ENABLE_DEBUG_INFO = NO;
				MTL_FAST_MATH = YES;
				SDKROOT = iphoneos;
				SWIFT_COMPILATION_MODE = wholemodule;
				SWIFT_OPTIMIZATION_LEVEL = "-O";
				VALIDATE_PRODUCT = YES;
			};
			name = Release;
		};
		847F48F72921546400F1534E /* Debug */ = {
			isa = XCBuildConfiguration;
			buildSettings = {
				ASSETCATALOG_COMPILER_APPICON_NAME = AppIcon;
				ASSETCATALOG_COMPILER_GLOBAL_ACCENT_COLOR_NAME = AccentColor;
				CODE_SIGN_STYLE = Automatic;
				CURRENT_PROJECT_VERSION = 1;
				DEVELOPMENT_TEAM = 76M96Q7XDF;
				GENERATE_INFOPLIST_FILE = YES;
				INFOPLIST_FILE = WorkoutApp/SupportingFiles/Info.plist;
				INFOPLIST_KEY_UIApplicationSupportsIndirectInputEvents = YES;
				INFOPLIST_KEY_UILaunchStoryboardName = LaunchScreen;
				INFOPLIST_KEY_UISupportedInterfaceOrientations = UIInterfaceOrientationPortrait;
				IPHONEOS_DEPLOYMENT_TARGET = 14.0;
				LD_RUNPATH_SEARCH_PATHS = (
					"$(inherited)",
					"@executable_path/Frameworks",
				);
				MARKETING_VERSION = 1.0;
				PRODUCT_BUNDLE_IDENTIFIER = com.grebennikov.WorkoutApp;
				PRODUCT_NAME = "$(TARGET_NAME)";
				SUPPORTED_PLATFORMS = "iphoneos iphonesimulator";
				SUPPORTS_MACCATALYST = NO;
				SUPPORTS_MAC_DESIGNED_FOR_IPHONE_IPAD = YES;
				SWIFT_EMIT_LOC_STRINGS = YES;
				SWIFT_VERSION = 5.0;
				TARGETED_DEVICE_FAMILY = 1;
			};
			name = Debug;
		};
		847F48F82921546400F1534E /* Release */ = {
			isa = XCBuildConfiguration;
			buildSettings = {
				ASSETCATALOG_COMPILER_APPICON_NAME = AppIcon;
				ASSETCATALOG_COMPILER_GLOBAL_ACCENT_COLOR_NAME = AccentColor;
				CODE_SIGN_STYLE = Automatic;
				CURRENT_PROJECT_VERSION = 1;
				DEVELOPMENT_TEAM = 76M96Q7XDF;
				GENERATE_INFOPLIST_FILE = YES;
				INFOPLIST_FILE = WorkoutApp/SupportingFiles/Info.plist;
				INFOPLIST_KEY_UIApplicationSupportsIndirectInputEvents = YES;
				INFOPLIST_KEY_UILaunchStoryboardName = LaunchScreen;
				INFOPLIST_KEY_UISupportedInterfaceOrientations = UIInterfaceOrientationPortrait;
				IPHONEOS_DEPLOYMENT_TARGET = 14.0;
				LD_RUNPATH_SEARCH_PATHS = (
					"$(inherited)",
					"@executable_path/Frameworks",
				);
				MARKETING_VERSION = 1.0;
				PRODUCT_BUNDLE_IDENTIFIER = com.grebennikov.WorkoutApp;
				PRODUCT_NAME = "$(TARGET_NAME)";
				SUPPORTED_PLATFORMS = "iphoneos iphonesimulator";
				SUPPORTS_MACCATALYST = NO;
				SUPPORTS_MAC_DESIGNED_FOR_IPHONE_IPAD = YES;
				SWIFT_EMIT_LOC_STRINGS = YES;
				SWIFT_VERSION = 5.0;
				TARGETED_DEVICE_FAMILY = 1;
			};
			name = Release;
		};
/* End XCBuildConfiguration section */

/* Begin XCConfigurationList section */
		847F48DD2921546200F1534E /* Build configuration list for PBXProject "WorkoutApp" */ = {
			isa = XCConfigurationList;
			buildConfigurations = (
				847F48F42921546400F1534E /* Debug */,
				847F48F52921546400F1534E /* Release */,
			);
			defaultConfigurationIsVisible = 0;
			defaultConfigurationName = Release;
		};
		847F48F62921546400F1534E /* Build configuration list for PBXNativeTarget "WorkoutApp" */ = {
			isa = XCConfigurationList;
			buildConfigurations = (
				847F48F72921546400F1534E /* Debug */,
				847F48F82921546400F1534E /* Release */,
			);
			defaultConfigurationIsVisible = 0;
			defaultConfigurationName = Release;
		};
/* End XCConfigurationList section */
	};
	rootObject = 847F48DA2921546200F1534E /* Project object */;
}
